
Microsoft Visual Studio Solution File, Format Version 12.00
# Visual Studio Version 16
VisualStudioVersion = 16.0.35229.62
MinimumVisualStudioVersion = 10.0.40219.1
Project("{FAE04EC0-301F-11D3-BF4B-00C04F79EFBC}") = "EscolaVirtual", "EscolaVirtual\EscolaVirtual.csproj", "{4FB75CDB-83A6-42EA-9FFB-3AD0B732C321}"
EndProject
Global
	GlobalSection(SolutionConfigurationPlatforms) = preSolution
		Debug|Any CPU = Debug|Any CPU
		Release|Any CPU = Release|Any CPU
	EndGlobalSection
	GlobalSection(ProjectConfigurationPlatforms) = postSolution
		{4FB75CDB-83A6-42EA-9FFB-3AD0B732C321}.Debug|Any CPU.ActiveCfg = Debug|Any CPU
		{4FB75CDB-83A6-42EA-9FFB-3AD0B732C321}.Debug|Any CPU.Build.0 = Debug|Any CPU
		{4FB75CDB-83A6-42EA-9FFB-3AD0B732C321}.Release|Any CPU.ActiveCfg = Release|Any CPU
		{4FB75CDB-83A6-42EA-9FFB-3AD0B732C321}.Release|Any CPU.Build.0 = Release|Any CPU
	EndGlobalSection
	GlobalSection(SolutionProperties) = preSolution
		HideSolutionNode = FALSE
	EndGlobalSection
	GlobalSection(ExtensibilityGlobals) = postSolution
		SolutionGuid = {39B1D0D2-0234-4F13-97C1-B4F2043D8DEF}
	EndGlobalSection
EndGlobal
